lockfileVersion: '6.0'

settings:
  autoInstallPeers: true
  excludeLinksFromLockfile: false

dependencies:
  class-variance-authority:
    specifier: ^0.7.0
    version: 0.7.0
  clsx:
    specifier: ^2.0.0
    version: 2.0.0
  tw-merge:
    specifier: 0.0.1-alpha.3
    version: 0.0.1-alpha.3

packages:

  /class-variance-authority@0.7.0:
    resolution: {integrity: sha512-jFI8IQw4hczaL4ALINxqLEXQbWcNjoSkloa4IaufXCJr6QawJyw7tuRysRsrE8w2p/4gGaxKIt/hX3qz/IbD1A==}
    dependencies:
      clsx: 2.0.0
    dev: false

  /clsx@2.0.0:
    resolution: {integrity: sha512-rQ1+kcj+ttHG0MKVGBUXwayCCF1oh39BF5COIpRzuCEv8Mwjv0XucrI2ExNTOn9IlLifGClWQcU9BrZORvtw6Q==}
    engines: {node: '>=6'}
    dev: false

  /tw-merge@0.0.1-alpha.3:
    resolution: {integrity: sha512-HvuKdaUWjJKFlUa/DKDGnicPXill0bUZnzoK/BoTWn0OkKLfIrMMn97VXW6fFdArA40FeBkitWjr7SJRuaDvCg==}
    dev: false
